
Microsoft Visual Studio Solution File, Format Version 12.00
# Visual Studio Version 17
VisualStudioVersion = 17.10.34707.107
MinimumVisualStudioVersion = 10.0.40219.1
Project("{FAE04EC0-301F-11D3-BF4B-00C04F79EFBC}") = "CSharpConsoleApp", "CSharpConsoleApp\CSharpConsoleApp.csproj", "{657ADFC6-A9C3-4878-94DE-F90691EFA799}"
EndProject
Global
	GlobalSection(SolutionConfigurationPlatforms) = preSolution
		Debug|Any CPU = Debug|Any CPU
		Release|Any CPU = Release|Any CPU
	EndGlobalSection
	GlobalSection(ProjectConfigurationPlatforms) = postSolution
		{657ADFC6-A9C3-4878-94DE-F90691EFA799}.Debug|Any CPU.ActiveCfg = Debug|Any CPU
		{657ADFC6-A9C3-4878-94DE-F90691EFA799}.Debug|Any CPU.Build.0 = Debug|Any CPU
		{657ADFC6-A9C3-4878-94DE-F90691EFA799}.Release|Any CPU.ActiveCfg = Release|Any CPU
		{657ADFC6-A9C3-4878-94DE-F90691EFA799}.Release|Any CPU.Build.0 = Release|Any CPU
	EndGlobalSection
	GlobalSection(SolutionProperties) = preSolution
		HideSolutionNode = FALSE
	EndGlobalSection
	GlobalSection(ExtensibilityGlobals) = postSolution
		SolutionGuid = {F4F67186-9EF4-48C4-B76D-B767888ECB97}
	EndGlobalSection
EndGlobal
